
Microsoft Visual Studio Solution File, Format Version 12.00
# Visual Studio Version 17
VisualStudioVersion = 17.4.33213.308
MinimumVisualStudioVersion = 10.0.40219.1
Project("{FAE04EC0-301F-11D3-BF4B-00C04F79EFBC}") = "Assn3", "Assn3\Assn3.csproj", "{BFB39AE5-8714-49FE-866F-85EBA9C17987}"
EndProject
Project("{FAE04EC0-301F-11D3-BF4B-00C04F79EFBC}") = "AppLayer", "AppLayer\AppLayer.csproj", "{78CB0893-0D76-432E-9750-E15176EA7F91}"
EndProject
Project("{FAE04EC0-301F-11D3-BF4B-00C04F79EFBC}") = "UnitTests", "UnitTests\UnitTests.csproj", "{B99D8BE9-FFF1-4B87-AFD6-7F1A29C12CB3}"
EndProject
Global
	GlobalSection(SolutionConfigurationPlatforms) = preSolution
		Debug|Any CPU = Debug|Any CPU
		Release|Any CPU = Release|Any CPU
	EndGlobalSection
	GlobalSection(ProjectConfigurationPlatforms) = postSolution
		{BFB39AE5-8714-49FE-866F-85EBA9C17987}.Debug|Any CPU.ActiveCfg = Debug|Any CPU
		{BFB39AE5-8714-49FE-866F-85EBA9C17987}.Debug|Any CPU.Build.0 = Debug|Any CPU
		{BFB39AE5-8714-49FE-866F-85EBA9C17987}.Release|Any CPU.ActiveCfg = Release|Any CPU
		{BFB39AE5-8714-49FE-866F-85EBA9C17987}.Release|Any CPU.Build.0 = Release|Any CPU
		{78CB0893-0D76-432E-9750-E15176EA7F91}.Debug|Any CPU.ActiveCfg = Debug|Any CPU
		{78CB0893-0D76-432E-9750-E15176EA7F91}.Debug|Any CPU.Build.0 = Debug|Any CPU
		{78CB0893-0D76-432E-9750-E15176EA7F91}.Release|Any CPU.ActiveCfg = Release|Any CPU
		{78CB0893-0D76-432E-9750-E15176EA7F91}.Release|Any CPU.Build.0 = Release|Any CPU
		{B99D8BE9-FFF1-4B87-AFD6-7F1A29C12CB3}.Debug|Any CPU.ActiveCfg = Debug|Any CPU
		{B99D8BE9-FFF1-4B87-AFD6-7F1A29C12CB3}.Debug|Any CPU.Build.0 = Debug|Any CPU
		{B99D8BE9-FFF1-4B87-AFD6-7F1A29C12CB3}.Release|Any CPU.ActiveCfg = Release|Any CPU
		{B99D8BE9-FFF1-4B87-AFD6-7F1A29C12CB3}.Release|Any CPU.Build.0 = Release|Any CPU
	EndGlobalSection
	GlobalSection(SolutionProperties) = preSolution
		HideSolutionNode = FALSE
	EndGlobalSection
	GlobalSection(ExtensibilityGlobals) = postSolution
		SolutionGuid = {D24CF35B-DB85-40BD-9F8C-524DD2552C3F}
	EndGlobalSection
EndGlobal
